
Microsoft Visual Studio Solution File, Format Version 12.00
# Visual Studio Version 16
VisualStudioVersion = 16.0.32602.291
MinimumVisualStudioVersion = 10.0.40219.1
Project("{FAE04EC0-301F-11D3-BF4B-00C04F79EFBC}") = "PongMe", "PongMe.csproj", "{204A211A-05E1-49CA-B770-6F649050174A}"
EndProject
Global
	GlobalSection(SolutionConfigurationPlatforms) = preSolution
		Debug|Any CPU = Debug|Any CPU
		Release|Any CPU = Release|Any CPU
	EndGlobalSection
	GlobalSection(ProjectConfigurationPlatforms) = postSolution
		{204A211A-05E1-49CA-B770-6F649050174A}.Debug|Any CPU.ActiveCfg = Debug|Any CPU
		{204A211A-05E1-49CA-B770-6F649050174A}.Debug|Any CPU.Build.0 = Debug|Any CPU
		{204A211A-05E1-49CA-B770-6F649050174A}.Release|Any CPU.ActiveCfg = Release|Any CPU
		{204A211A-05E1-49CA-B770-6F649050174A}.Release|Any CPU.Build.0 = Release|Any CPU
	EndGlobalSection
	GlobalSection(SolutionProperties) = preSolution
		HideSolutionNode = FALSE
	EndGlobalSection
	GlobalSection(ExtensibilityGlobals) = postSolution
		SolutionGuid = {7722FF6C-2D05-43FF-823E-2B66608E14E5}
	EndGlobalSection
EndGlobal
